
Microsoft Visual Studio Solution File, Format Version 12.00
# Visual Studio 2012
Project("{FAE04EC0-301F-11D3-BF4B-00C04F79EFBC}") = "FormGeneratorEngine", "FormGeneratorEngine\FormGeneratorEngine.csproj", "{A7B5FF8E-6FB9-4CFF-9383-193C3E636D12}"
EndProject
Global
	GlobalSection(SolutionConfigurationPlatforms) = preSolution
		Debug|Any CPU = Debug|Any CPU
		Release|Any CPU = Release|Any CPU
	EndGlobalSection
	GlobalSection(ProjectConfigurationPlatforms) = postSolution
		{A7B5FF8E-6FB9-4CFF-9383-193C3E636D12}.Debug|Any CPU.ActiveCfg = Debug|Any CPU
		{A7B5FF8E-6FB9-4CFF-9383-193C3E636D12}.Debug|Any CPU.Build.0 = Debug|Any CPU
		{A7B5FF8E-6FB9-4CFF-9383-193C3E636D12}.Release|Any CPU.ActiveCfg = Release|Any CPU
		{A7B5FF8E-6FB9-4CFF-9383-193C3E636D12}.Release|Any CPU.Build.0 = Release|Any CPU
	EndGlobalSection
	GlobalSection(SolutionProperties) = preSolution
		HideSolutionNode = FALSE
	EndGlobalSection
EndGlobal
